# This file was autogenerated by uv via the following command:
#    uv pip compile requirements.in
annotated-types==0.7.0
    # via pydantic
anyio==4.9.0
    # via starlette
certifi==2025.6.15
    # via requests
cffi==1.17.1
    # via cryptography
charset-normalizer==3.4.2
    # via requests
click==8.1.8
    # via uvicorn
cryptography==45.0.4
    # via -r requirements.in
exceptiongroup==1.3.0
    # via anyio
fastapi==0.115.13
    # via -r requirements.in
h11==0.16.0
    # via uvicorn
idna==3.10
    # via
    #   anyio
    #   requests
mysql-connector-python==9.3.0
    # via -r requirements.in
pycparser==2.22
    # via cffi
pydantic==2.11.7
    # via
    #   -r requirements.in
    #   fastapi
    #   sqlmodel
pydantic-core==2.33.2
    # via pydantic
python-dotenv==1.1.0
    # via -r requirements.in
requests==2.32.4
    # via -r requirements.in
sniffio==1.3.1
    # via anyio
sqlalchemy==2.0.41
    # via sqlmodel
sqlmodel==0.0.24
    # via -r requirements.in
starlette==0.46.2
    # via fastapi
typing-extensions==4.14.0
    # via
    #   anyio
    #   exceptiongroup
    #   fastapi
    #   pydantic
    #   pydantic-core
    #   sqlalchemy
    #   starlette
    #   typing-inspection
    #   uvicorn
typing-inspection==0.4.1
    # via pydantic
urllib3==2.5.0
    # via requests
uvicorn==0.34.3
    # via -r requirements.in
